// !$*UTF8*$!
{
	archiveVersion = 1;
	classes = {
	};
	objectVersion = 55;
	objects = {

/* Begin PBXBuildFile section */
		BD0E65BA28BA1BE600AD1AC8 /* AppDelegate.swift in Sources */ = {isa = PBXBuildFile; fileRef = BD0E65B928BA1BE600AD1AC8 /* AppDelegate.swift */; };
		BD0E65BC28BA1BE600AD1AC8 /* SceneDelegate.swift in Sources */ = {isa = PBXBuildFile; fileRef = BD0E65BB28BA1BE600AD1AC8 /* SceneDelegate.swift */; };
		BD0E65BE28BA1BE600AD1AC8 /* ViewController.swift in Sources */ = {isa = PBXBuildFile; fileRef = BD0E65BD28BA1BE600AD1AC8 /* ViewController.swift */; };
		BD0E65C128BA1BE600AD1AC8 /* Main.storyboard in Resources */ = {isa = PBXBuildFile; fileRef = BD0E65BF28BA1BE600AD1AC8 /* Main.storyboard */; };
		BD0E65C328BA1BE900AD1AC8 /* Assets.xcassets in Resources */ = {isa = PBXBuildFile; fileRef = BD0E65C228BA1BE900AD1AC8 /* Assets.xcassets */; };
		BD0E65C628BA1BE900AD1AC8 /* LaunchScreen.storyboard in Resources */ = {isa = PBXBuildFile; fileRef = BD0E65C428BA1BE900AD1AC8 /* LaunchScreen.storyboard */; };
		EE4F1DBFFC711F82713B4AF0 /* Pods_FoursquarePlacesApiTestProject.framework in Frameworks */ = {isa = PBXBuildFile; fileRef = 6A56C88214FFF062B9DCC3C8 /* Pods_FoursquarePlacesApiTestProject.framework */; };
/* End PBXBuildFile section */

/* Begin PBXFileReference section */
		568BE2585C74938EFA91D0AD /* Pods-FoursquarePlacesApiTestProject.release.xcconfig */ = {isa = PBXFileReference; includeInIndex = 1; lastKnownFileType = text.xcconfig; name = "Pods-FoursquarePlacesApiTestProject.release.xcconfig"; path = "Target Support Files/Pods-FoursquarePlacesApiTestProject/Pods-FoursquarePlacesApiTestProject.release.xcconfig"; sourceTree = "<group>"; };
		6A56C88214FFF062B9DCC3C8 /* Pods_FoursquarePlacesApiTestProject.framework */ = {isa = PBXFileReference; explicitFileType = wrapper.framework; includeInIndex = 0; path = Pods_FoursquarePlacesApiTestProject.framework; sourceTree = BUILT_PRODUCTS_DIR; };
		BD0E65B628BA1BE600AD1AC8 /* FoursquarePlacesApiTestProject.app */ = {isa = PBXFileReference; explicitFileType = wrapper.application; includeInIndex = 0; path = FoursquarePlacesApiTestProject.app; sourceTree = BUILT_PRODUCTS_DIR; };
		BD0E65B928BA1BE600AD1AC8 /* AppDelegate.swift */ = {isa = PBXFileReference; lastKnownFileType = sourcecode.swift; path = AppDelegate.swift; sourceTree = "<group>"; };
		BD0E65BB28BA1BE600AD1AC8 /* SceneDelegate.swift */ = {isa = PBXFileReference; lastKnownFileType = sourcecode.swift; path = SceneDelegate.swift; sourceTree = "<group>"; };
		BD0E65BD28BA1BE600AD1AC8 /* ViewController.swift */ = {isa = PBXFileReference; lastKnownFileType = sourcecode.swift; path = ViewController.swift; sourceTree = "<group>"; };
		BD0E65C028BA1BE600AD1AC8 /* Base */ = {isa = PBXFileReference; lastKnownFileType = file.storyboard; name = Base; path = Base.lproj/Main.storyboard; sourceTree = "<group>"; };
		BD0E65C228BA1BE900AD1AC8 /* Assets.xcassets */ = {isa = PBXFileReference; lastKnownFileType = folder.assetcatalog; path = Assets.xcassets; sourceTree = "<group>"; };
		BD0E65C528BA1BE900AD1AC8 /* Base */ = {isa = PBXFileReference; lastKnownFileType = file.storyboard; name = Base; path = Base.lproj/LaunchScreen.storyboard; sourceTree = "<group>"; };
		BD0E65C728BA1BE900AD1AC8 /* Info.plist */ = {isa = PBXFileReference; lastKnownFileType = text.plist.xml; path = Info.plist; sourceTree = "<group>"; };
		C64184407A01D17479C92606 /* Pods-FoursquarePlacesApiTestProject.debug.xcconfig */ = {isa = PBXFileReference; includeInIndex = 1; lastKnownFileType = text.xcconfig; name = "Pods-FoursquarePlacesApiTestProject.debug.xcconfig"; path = "Target Support Files/Pods-FoursquarePlacesApiTestProject/Pods-FoursquarePlacesApiTestProject.debug.xcconfig"; sourceTree = "<group>"; };
/* End PBXFileReference section */

/* Begin PBXFrameworksBuildPhase section */
		BD0E65B328BA1BE600AD1AC8 /* Frameworks */ = {
			isa = PBXFrameworksBuildPhase;
			buildActionMask = 2147483647;
			files = (
				EE4F1DBFFC711F82713B4AF0 /* Pods_FoursquarePlacesApiTestProject.framework in Frameworks */,
			);
			runOnlyForDeploymentPostprocessing = 0;
		};
/* End PBXFrameworksBuildPhase section */

/* Begin PBXGroup section */
		5F35DE64443C6F2F2A33A23A /* Pods */ = {
			isa = PBXGroup;
			children = (
				C64184407A01D17479C92606 /* Pods-FoursquarePlacesApiTestProject.debug.xcconfig */,
				568BE2585C74938EFA91D0AD /* Pods-FoursquarePlacesApiTestProject.release.xcconfig */,
			);
			path = Pods;
			sourceTree = "<group>";
		};
		B82426FFE77A8A020CF0DCC7 /* Frameworks */ = {
			isa = PBXGroup;
			children = (
				6A56C88214FFF062B9DCC3C8 /* Pods_FoursquarePlacesApiTestProject.framework */,
			);
			name = Frameworks;
			sourceTree = "<group>";
		};
		BD0E65AD28BA1BE600AD1AC8 = {
			isa = PBXGroup;
			children = (
				BD0E65B828BA1BE600AD1AC8 /* FoursquarePlacesApiTestProject */,
				BD0E65B728BA1BE600AD1AC8 /* Products */,
				5F35DE64443C6F2F2A33A23A /* Pods */,
				B82426FFE77A8A020CF0DCC7 /* Frameworks */,
			);
			sourceTree = "<group>";
		};
		BD0E65B728BA1BE600AD1AC8 /* Products */ = {
			isa = PBXGroup;
			children = (
				BD0E65B628BA1BE600AD1AC8 /* FoursquarePlacesApiTestProject.app */,
			);
			name = Products;
			sourceTree = "<group>";
		};
		BD0E65B828BA1BE600AD1AC8 /* FoursquarePlacesApiTestProject */ = {
			isa = PBXGroup;
			children = (
				BD0E65C728BA1BE900AD1AC8 /* Info.plist */,
				BD0E65CE28BA1F3600AD1AC8 /* Application */,
				BD0E65D028BA1F9B00AD1AC8 /* NetworkLayer */,
				BD0E65CD28BA1F2300AD1AC8 /* Views */,
			);
			path = FoursquarePlacesApiTestProject;
			sourceTree = "<group>";
		};
		BD0E65CD28BA1F2300AD1AC8 /* Views */ = {
			isa = PBXGroup;
			children = (
				BD0E65BD28BA1BE600AD1AC8 /* ViewController.swift */,
			);
			path = Views;
			sourceTree = "<group>";
		};
		BD0E65CE28BA1F3600AD1AC8 /* Application */ = {
			isa = PBXGroup;
			children = (
				BD0E65CF28BA1F5700AD1AC8 /* Storyboards */,
				BD0E65B928BA1BE600AD1AC8 /* AppDelegate.swift */,
				BD0E65BB28BA1BE600AD1AC8 /* SceneDelegate.swift */,
				BD0E65C228BA1BE900AD1AC8 /* Assets.xcassets */,
			);
			path = Application;
			sourceTree = "<group>";
		};
		BD0E65CF28BA1F5700AD1AC8 /* Storyboards */ = {
			isa = PBXGroup;
			children = (
				BD0E65BF28BA1BE600AD1AC8 /* Main.storyboard */,
				BD0E65C428BA1BE900AD1AC8 /* LaunchScreen.storyboard */,
			);
			path = Storyboards;
			sourceTree = "<group>";
		};
		BD0E65D028BA1F9B00AD1AC8 /* NetworkLayer */ = {
			isa = PBXGroup;
			children = (
				BD0E65D328BA1FE600AD1AC8 /* MoyaLayer */,
				BD0E65D228BA1FC600AD1AC8 /* Models */,
				BD0E65D128BA1FB000AD1AC8 /* Jsons */,
			);
			path = NetworkLayer;
			sourceTree = "<group>";
		};
		BD0E65D128BA1FB000AD1AC8 /* Jsons */ = {
			isa = PBXGroup;
			children = (
			);
			path = Jsons;
			sourceTree = "<group>";
		};
		BD0E65D228BA1FC600AD1AC8 /* Models */ = {
			isa = PBXGroup;
			children = (
			);
			path = Models;
			sourceTree = "<group>";
		};
		BD0E65D328BA1FE600AD1AC8 /* MoyaLayer */ = {
			isa = PBXGroup;
			children = (
			);
			path = MoyaLayer;
			sourceTree = "<group>";
		};
/* End PBXGroup section */

/* Begin PBXNativeTarget section */
		BD0E65B528BA1BE600AD1AC8 /* FoursquarePlacesApiTestProject */ = {
			isa = PBXNativeTarget;
			buildConfigurationList = BD0E65CA28BA1BE900AD1AC8 /* Build configuration list for PBXNativeTarget "FoursquarePlacesApiTestProject" */;
			buildPhases = (
				B4BC10237B46E73D6AD65CAF /* [CP] Check Pods Manifest.lock */,
				BD0E65B228BA1BE600AD1AC8 /* Sources */,
				BD0E65B328BA1BE600AD1AC8 /* Frameworks */,
				BD0E65B428BA1BE600AD1AC8 /* Resources */,
				28B6A7582DDFF148DC7D44D9 /* [CP] Embed Pods Frameworks */,
			);
			buildRules = (
			);
			dependencies = (
			);
			name = FoursquarePlacesApiTestProject;
			productName = FoursquarePlacesApiTestProject;
			productReference = BD0E65B628BA1BE600AD1AC8 /* FoursquarePlacesApiTestProject.app */;
			productType = "com.apple.product-type.application";
		};
/* End PBXNativeTarget section */

/* Begin PBXProject section */
		BD0E65AE28BA1BE600AD1AC8 /* Project object */ = {
			isa = PBXProject;
			attributes = {
				BuildIndependentTargetsInParallel = 1;
				LastSwiftUpdateCheck = 1330;
				LastUpgradeCheck = 1330;
				TargetAttributes = {
					BD0E65B528BA1BE600AD1AC8 = {
						CreatedOnToolsVersion = 13.3;
					};
				};
			};
			buildConfigurationList = BD0E65B128BA1BE600AD1AC8 /* Build configuration list for PBXProject "FoursquarePlacesApiTestProject" */;
			compatibilityVersion = "Xcode 13.0";
			developmentRegion = en;
			hasScannedForEncodings = 0;
			knownRegions = (
				en,
				Base,
			);
			mainGroup = BD0E65AD28BA1BE600AD1AC8;
			productRefGroup = BD0E65B728BA1BE600AD1AC8 /* Products */;
			projectDirPath = "";
			projectRoot = "";
			targets = (
				BD0E65B528BA1BE600AD1AC8 /* FoursquarePlacesApiTestProject */,
			);
		};
/* End PBXProject section */

/* Begin PBXResourcesBuildPhase section */
		BD0E65B428BA1BE600AD1AC8 /* Resources */ = {
			isa = PBXResourcesBuildPhase;
			buildActionMask = 2147483647;
			files = (
				BD0E65C628BA1BE900AD1AC8 /* LaunchScreen.storyboard in Resources */,
				BD0E65C328BA1BE900AD1AC8 /* Assets.xcassets in Resources */,
				BD0E65C128BA1BE600AD1AC8 /* Main.storyboard in Resources */,
			);
			runOnlyForDeploymentPostprocessing = 0;
		};
/* End PBXResourcesBuildPhase section */

/* Begin PBXShellScriptBuildPhase section */
		28B6A7582DDFF148DC7D44D9 /* [CP] Embed Pods Frameworks */ = {
			isa = PBXShellScriptBuildPhase;
			buildActionMask = 2147483647;
			files = (
			);
			inputFileListPaths = (
				"${PODS_ROOT}/Target Support Files/Pods-FoursquarePlacesApiTestProject/Pods-FoursquarePlacesApiTestProject-frameworks-${CONFIGURATION}-input-files.xcfilelist",
			);
			name = "[CP] Embed Pods Frameworks";
			outputFileListPaths = (
				"${PODS_ROOT}/Target Support Files/Pods-FoursquarePlacesApiTestProject/Pods-FoursquarePlacesApiTestProject-frameworks-${CONFIGURATION}-output-files.xcfilelist",
			);
			runOnlyForDeploymentPostprocessing = 0;
			shellPath = /bin/sh;
			shellScript = "\"${PODS_ROOT}/Target Support Files/Pods-FoursquarePlacesApiTestProject/Pods-FoursquarePlacesApiTestProject-frameworks.sh\"\n";
			showEnvVarsInLog = 0;
		};
		B4BC10237B46E73D6AD65CAF /* [CP] Check Pods Manifest.lock */ = {
			isa = PBXShellScriptBuildPhase;
			buildActionMask = 2147483647;
			files = (
			);
			inputFileListPaths = (
			);
			inputPaths = (
				"${PODS_PODFILE_DIR_PATH}/Podfile.lock",
				"${PODS_ROOT}/Manifest.lock",
			);
			name = "[CP] Check Pods Manifest.lock";
			outputFileListPaths = (
			);
			outputPaths = (
				"$(DERIVED_FILE_DIR)/Pods-FoursquarePlacesApiTestProject-checkManifestLockResult.txt",
			);
			runOnlyForDeploymentPostprocessing = 0;
			shellPath = /bin/sh;
			shellScript = "diff \"${PODS_PODFILE_DIR_PATH}/Podfile.lock\" \"${PODS_ROOT}/Manifest.lock\" > /dev/null\nif [ $? != 0 ] ; then\n    # print error to STDERR\n    echo \"error: The sandbox is not in sync with the Podfile.lock. Run 'pod install' or update your CocoaPods installation.\" >&2\n    exit 1\nfi\n# This output is used by Xcode 'outputs' to avoid re-running this script phase.\necho \"SUCCESS\" > \"${SCRIPT_OUTPUT_FILE_0}\"\n";
			showEnvVarsInLog = 0;
		};
/* End PBXShellScriptBuildPhase section */

/* Begin PBXSourcesBuildPhase section */
		BD0E65B228BA1BE600AD1AC8 /* Sources */ = {
			isa = PBXSourcesBuildPhase;
			buildActionMask = 2147483647;
			files = (
				BD0E65BE28BA1BE600AD1AC8 /* ViewController.swift in Sources */,
				BD0E65BA28BA1BE600AD1AC8 /* AppDelegate.swift in Sources */,
				BD0E65BC28BA1BE600AD1AC8 /* SceneDelegate.swift in Sources */,
			);
			runOnlyForDeploymentPostprocessing = 0;
		};
/* End PBXSourcesBuildPhase section */

/* Begin PBXVariantGroup section */
		BD0E65BF28BA1BE600AD1AC8 /* Main.storyboard */ = {
			isa = PBXVariantGroup;
			children = (
				BD0E65C028BA1BE600AD1AC8 /* Base */,
			);
			name = Main.storyboard;
			sourceTree = "<group>";
		};
		BD0E65C428BA1BE900AD1AC8 /* LaunchScreen.storyboard */ = {
			isa = PBXVariantGroup;
			children = (
				BD0E65C528BA1BE900AD1AC8 /* Base */,
			);
			name = LaunchScreen.storyboard;
			sourceTree = "<group>";
		};
/* End PBXVariantGroup section */

/* Begin XCBuildConfiguration section */
		BD0E65C828BA1BE900AD1AC8 /* Debug */ = {
			isa = XCBuildConfiguration;
			buildSettings = {
				ALWAYS_SEARCH_USER_PATHS = NO;
				CLANG_ANALYZER_NONNULL = YES;
				CLANG_ANALYZER_NUMBER_OBJECT_CONVERSION = YES_AGGRESSIVE;
				CLANG_CXX_LANGUAGE_STANDARD = "gnu++17";
				CLANG_ENABLE_MODULES = YES;
				CLANG_ENABLE_OBJC_ARC = YES;
				CLANG_ENABLE_OBJC_WEAK = YES;
				CLANG_WARN_BLOCK_CAPTURE_AUTORELEASING = YES;
				CLANG_WARN_BOOL_CONVERSION = YES;
				CLANG_WARN_COMMA = YES;
				CLANG_WARN_CONSTANT_CONVERSION = YES;
				CLANG_WARN_DEPRECATED_OBJC_IMPLEMENTATIONS = YES;
				CLANG_WARN_DIRECT_OBJC_ISA_USAGE = YES_ERROR;
				CLANG_WARN_DOCUMENTATION_COMMENTS = YES;
				CLANG_WARN_EMPTY_BODY = YES;
				CLANG_WARN_ENUM_CONVERSION = YES;
				CLANG_WARN_INFINITE_RECURSION = YES;
				CLANG_WARN_INT_CONVERSION = YES;
				CLANG_WARN_NON_LITERAL_NULL_CONVERSION = YES;
				CLANG_WARN_OBJC_IMPLICIT_RETAIN_SELF = YES;
				CLANG_WARN_OBJC_LITERAL_CONVERSION = YES;
				CLANG_WARN_OBJC_ROOT_CLASS = YES_ERROR;
				CLANG_WARN_QUOTED_INCLUDE_IN_FRAMEWORK_HEADER = YES;
				CLANG_WARN_RANGE_LOOP_ANALYSIS = YES;
				CLANG_WARN_STRICT_PROTOTYPES = YES;
				CLANG_WARN_SUSPICIOUS_MOVE = YES;
				CLANG_WARN_UNGUARDED_AVAILABILITY = YES_AGGRESSIVE;
				CLANG_WARN_UNREACHABLE_CODE = YES;
				CLANG_WARN__DUPLICATE_METHOD_MATCH = YES;
				COPY_PHASE_STRIP = NO;
				DEBUG_INFORMATION_FORMAT = dwarf;
				ENABLE_STRICT_OBJC_MSGSEND = YES;
				ENABLE_TESTABILITY = YES;
				GCC_C_LANGUAGE_STANDARD = gnu11;
				GCC_DYNAMIC_NO_PIC = NO;
				GCC_NO_COMMON_BLOCKS = YES;
				GCC_OPTIMIZATION_LEVEL = 0;
				GCC_PREPROCESSOR_DEFINITIONS = (
					"DEBUG=1",
					"$(inherited)",
				);
				GCC_WARN_64_TO_32_BIT_CONVERSION = YES;
				GCC_WARN_ABOUT_RETURN_TYPE = YES_ERROR;
				GCC_WARN_UNDECLARED_SELECTOR = YES;
				GCC_WARN_UNINITIALIZED_AUTOS = YES_AGGRESSIVE;
				GCC_WARN_UNUSED_FUNCTION = YES;
				GCC_WARN_UNUSED_VARIABLE = YES;
				IPHONEOS_DEPLOYMENT_TARGET = 15.4;
				MTL_ENABLE_DEBUG_INFO = INCLUDE_SOURCE;
				MTL_FAST_MATH = YES;
				ONLY_ACTIVE_ARCH = YES;
				SDKROOT = iphoneos;
				SWIFT_ACTIVE_COMPILATION_CONDITIONS = DEBUG;
				SWIFT_OPTIMIZATION_LEVEL = "-Onone";
			};
			name = Debug;
		};
		BD0E65C928BA1BE900AD1AC8 /* Release */ = {
			isa = XCBuildConfiguration;
			buildSettings = {
				ALWAYS_SEARCH_USER_PATHS = NO;
				CLANG_ANALYZER_NONNULL = YES;
				CLANG_ANALYZER_NUMBER_OBJECT_CONVERSION = YES_AGGRESSIVE;
				CLANG_CXX_LANGUAGE_STANDARD = "gnu++17";
				CLANG_ENABLE_MODULES = YES;
				CLANG_ENABLE_OBJC_ARC = YES;
				CLANG_ENABLE_OBJC_WEAK = YES;
				CLANG_WARN_BLOCK_CAPTURE_AUTORELEASING = YES;
				CLANG_WARN_BOOL_CONVERSION = YES;
				CLANG_WARN_COMMA = YES;
				CLANG_WARN_CONSTANT_CONVERSION = YES;
				CLANG_WARN_DEPRECATED_OBJC_IMPLEMENTATIONS = YES;
				CLANG_WARN_DIRECT_OBJC_ISA_USAGE = YES_ERROR;
				CLANG_WARN_DOCUMENTATION_COMMENTS = YES;
				CLANG_WARN_EMPTY_BODY = YES;
				CLANG_WARN_ENUM_CONVERSION = YES;
				CLANG_WARN_INFINITE_RECURSION = YES;
				CLANG_WARN_INT_CONVERSION = YES;
				CLANG_WARN_NON_LITERAL_NULL_CONVERSION = YES;
				CLANG_WARN_OBJC_IMPLICIT_RETAIN_SELF = YES;
				CLANG_WARN_OBJC_LITERAL_CONVERSION = YES;
				CLANG_WARN_OBJC_ROOT_CLASS = YES_ERROR;
				CLANG_WARN_QUOTED_INCLUDE_IN_FRAMEWORK_HEADER = YES;
				CLANG_WARN_RANGE_LOOP_ANALYSIS = YES;
				CLANG_WARN_STRICT_PROTOTYPES = YES;
				CLANG_WARN_SUSPICIOUS_MOVE = YES;
				CLANG_WARN_UNGUARDED_AVAILABILITY = YES_AGGRESSIVE;
				CLANG_WARN_UNREACHABLE_CODE = YES;
				CLANG_WARN__DUPLICATE_METHOD_MATCH = YES;
				COPY_PHASE_STRIP = NO;
				DEBUG_INFORMATION_FORMAT = "dwarf-with-dsym";
				ENABLE_NS_ASSERTIONS = NO;
				ENABLE_STRICT_OBJC_MSGSEND = YES;
				GCC_C_LANGUAGE_STANDARD = gnu11;
				GCC_NO_COMMON_BLOCKS = YES;
				GCC_WARN_64_TO_32_BIT_CONVERSION = YES;
				GCC_WARN_ABOUT_RETURN_TYPE = YES_ERROR;
				GCC_WARN_UNDECLARED_SELECTOR = YES;
				GCC_WARN_UNINITIALIZED_AUTOS = YES_AGGRESSIVE;
				GCC_WARN_UNUSED_FUNCTION = YES;
				GCC_WARN_UNUSED_VARIABLE = YES;
				IPHONEOS_DEPLOYMENT_TARGET = 15.4;
				MTL_ENABLE_DEBUG_INFO = NO;
				MTL_FAST_MATH = YES;
				SDKROOT = iphoneos;
				SWIFT_COMPILATION_MODE = wholemodule;
				SWIFT_OPTIMIZATION_LEVEL = "-O";
				VALIDATE_PRODUCT = YES;
			};
			name = Release;
		};
		BD0E65CB28BA1BE900AD1AC8 /* Debug */ = {
			isa = XCBuildConfiguration;
			baseConfigurationReference = C64184407A01D17479C92606 /* Pods-FoursquarePlacesApiTestProject.debug.xcconfig */;
			buildSettings = {
				ASSETCATALOG_COMPILER_APPICON_NAME = AppIcon;
				ASSETCATALOG_COMPILER_GLOBAL_ACCENT_COLOR_NAME = AccentColor;
				CODE_SIGN_STYLE = Automatic;
				CURRENT_PROJECT_VERSION = 1;
				DEVELOPMENT_TEAM = YPXDVQFQ53;
				GENERATE_INFOPLIST_FILE = YES;
				INFOPLIST_FILE = FoursquarePlacesApiTestProject/Info.plist;
				INFOPLIST_KEY_UIApplicationSupportsIndirectInputEvents = YES;
				INFOPLIST_KEY_UILaunchStoryboardName = LaunchScreen;
				INFOPLIST_KEY_UIMainStoryboardFile = Main;
				INFOPLIST_KEY_UISupportedInterfaceOrientations_iPad = "UIInterfaceOrientationPortrait UIInterfaceOrientationPortraitUpsideDown UIInterfaceOrientationLandscapeLeft UIInterfaceOrientationLandscapeRight";
				INFOPLIST_KEY_UISupportedInterfaceOrientations_iPhone = "UIInterfaceOrientationPortrait UIInterfaceOrientationLandscapeLeft UIInterfaceOrientationLandscapeRight";
				LD_RUNPATH_SEARCH_PATHS = (
					"$(inherited)",
					"@executable_path/Frameworks",
				);
				MARKETING_VERSION = 1.0;
				PRODUCT_BUNDLE_IDENTIFIER = fedii.ihor.FoursquarePlacesApiTestProject;
				PRODUCT_NAME = "$(TARGET_NAME)";
				SWIFT_EMIT_LOC_STRINGS = YES;
				SWIFT_VERSION = 5.0;
				TARGETED_DEVICE_FAMILY = "1,2";
			};
			name = Debug;
		};
		BD0E65CC28BA1BE900AD1AC8 /* Release */ = {
			isa = XCBuildConfiguration;
			baseConfigurationReference = 568BE2585C74938EFA91D0AD /* Pods-FoursquarePlacesApiTestProject.release.xcconfig */;
			buildSettings = {
				ASSETCATALOG_COMPILER_APPICON_NAME = AppIcon;
				ASSETCATALOG_COMPILER_GLOBAL_ACCENT_COLOR_NAME = AccentColor;
				CODE_SIGN_STYLE = Automatic;
				CURRENT_PROJECT_VERSION = 1;
				DEVELOPMENT_TEAM = YPXDVQFQ53;
				GENERATE_INFOPLIST_FILE = YES;
				INFOPLIST_FILE = FoursquarePlacesApiTestProject/Info.plist;
				INFOPLIST_KEY_UIApplicationSupportsIndirectInputEvents = YES;
				INFOPLIST_KEY_UILaunchStoryboardName = LaunchScreen;
				INFOPLIST_KEY_UIMainStoryboardFile = Main;
				INFOPLIST_KEY_UISupportedInterfaceOrientations_iPad = "UIInterfaceOrientationPortrait UIInterfaceOrientationPortraitUpsideDown UIInterfaceOrientationLandscapeLeft UIInterfaceOrientationLandscapeRight";
				INFOPLIST_KEY_UISupportedInterfaceOrientations_iPhone = "UIInterfaceOrientationPortrait UIInterfaceOrientationLandscapeLeft UIInterfaceOrientationLandscapeRight";
				LD_RUNPATH_SEARCH_PATHS = (
					"$(inherited)",
					"@executable_path/Frameworks",
				);
				MARKETING_VERSION = 1.0;
				PRODUCT_BUNDLE_IDENTIFIER = fedii.ihor.FoursquarePlacesApiTestProject;
				PRODUCT_NAME = "$(TARGET_NAME)";
				SWIFT_EMIT_LOC_STRINGS = YES;
				SWIFT_VERSION = 5.0;
				TARGETED_DEVICE_FAMILY = "1,2";
			};
			name = Release;
		};
/* End XCBuildConfiguration section */

/* Begin XCConfigurationList section */
		BD0E65B128BA1BE600AD1AC8 /* Build configuration list for PBXProject "FoursquarePlacesApiTestProject" */ = {
			isa = XCConfigurationList;
			buildConfigurations = (
				BD0E65C828BA1BE900AD1AC8 /* Debug */,
				BD0E65C928BA1BE900AD1AC8 /* Release */,
			);
			defaultConfigurationIsVisible = 0;
			defaultConfigurationName = Release;
		};
		BD0E65CA28BA1BE900AD1AC8 /* Build configuration list for PBXNativeTarget "FoursquarePlacesApiTestProject" */ = {
			isa = XCConfigurationList;
			buildConfigurations = (
				BD0E65CB28BA1BE900AD1AC8 /* Debug */,
				BD0E65CC28BA1BE900AD1AC8 /* Release */,
			);
			defaultConfigurationIsVisible = 0;
			defaultConfigurationName = Release;
		};
/* End XCConfigurationList section */
	};
	rootObject = BD0E65AE28BA1BE600AD1AC8 /* Project object */;
}
