// !$*UTF8*$!
{
	archiveVersion = 1;
	classes = {
	};
	objectVersion = 55;
	objects = {

/* Begin PBXBuildFile section */
		BD0D1BD428D1E01F00C512BD /* MapViewController.swift in Sources */ = {isa = PBXBuildFile; fileRef = BD0D1BD328D1E01F00C512BD /* MapViewController.swift */; };
		BD0E65BA28BA1BE600AD1AC8 /* AppDelegate.swift in Sources */ = {isa = PBXBuildFile; fileRef = BD0E65B928BA1BE600AD1AC8 /* AppDelegate.swift */; };
		BD0E65BC28BA1BE600AD1AC8 /* SceneDelegate.swift in Sources */ = {isa = PBXBuildFile; fileRef = BD0E65BB28BA1BE600AD1AC8 /* SceneDelegate.swift */; };
		BD0E65BE28BA1BE600AD1AC8 /* CurrentPositionViewController.swift in Sources */ = {isa = PBXBuildFile; fileRef = BD0E65BD28BA1BE600AD1AC8 /* CurrentPositionViewController.swift */; };
		BD0E65C328BA1BE900AD1AC8 /* Assets.xcassets in Resources */ = {isa = PBXBuildFile; fileRef = BD0E65C228BA1BE900AD1AC8 /* Assets.xcassets */; };
		BD0E65C628BA1BE900AD1AC8 /* LaunchScreen.storyboard in Resources */ = {isa = PBXBuildFile; fileRef = BD0E65C428BA1BE900AD1AC8 /* LaunchScreen.storyboard */; };
		BD0E65D528BA21B600AD1AC8 /* FoursquareService.swift in Sources */ = {isa = PBXBuildFile; fileRef = BD0E65D428BA21B600AD1AC8 /* FoursquareService.swift */; };
		BD0E65D728BA228B00AD1AC8 /* Place.json in Resources */ = {isa = PBXBuildFile; fileRef = BD0E65D628BA228B00AD1AC8 /* Place.json */; };
		BD0E65D928BA22A200AD1AC8 /* Places.json in Resources */ = {isa = PBXBuildFile; fileRef = BD0E65D828BA22A200AD1AC8 /* Places.json */; };
		BD0E65DB28BA22C500AD1AC8 /* Placesnearby.json in Resources */ = {isa = PBXBuildFile; fileRef = BD0E65DA28BA22C500AD1AC8 /* Placesnearby.json */; };
		BD0E65DD28BA22E000AD1AC8 /* Photos.json in Resources */ = {isa = PBXBuildFile; fileRef = BD0E65DC28BA22E000AD1AC8 /* Photos.json */; };
		BD0E65DF28BA230600AD1AC8 /* Error.json in Resources */ = {isa = PBXBuildFile; fileRef = BD0E65DE28BA230600AD1AC8 /* Error.json */; };
		BD0E65E128BA232000AD1AC8 /* Tips.json in Resources */ = {isa = PBXBuildFile; fileRef = BD0E65E028BA232000AD1AC8 /* Tips.json */; };
		BD0E65E328BA23BC00AD1AC8 /* PhotoItem.swift in Sources */ = {isa = PBXBuildFile; fileRef = BD0E65E228BA23BC00AD1AC8 /* PhotoItem.swift */; };
		BD0E65E528BA240B00AD1AC8 /* PlaceModels.swift in Sources */ = {isa = PBXBuildFile; fileRef = BD0E65E428BA240B00AD1AC8 /* PlaceModels.swift */; };
		BD0E65E728BA247200AD1AC8 /* ContextModels.swift in Sources */ = {isa = PBXBuildFile; fileRef = BD0E65E628BA247200AD1AC8 /* ContextModels.swift */; };
		BD0E65EA28BA250300AD1AC8 /* placesAndNearbyModels.swift in Sources */ = {isa = PBXBuildFile; fileRef = BD0E65E928BA250300AD1AC8 /* placesAndNearbyModels.swift */; };
		BD6203A228BB77C400DE8905 /* TipsModels.swift in Sources */ = {isa = PBXBuildFile; fileRef = BD6203A128BB77C400DE8905 /* TipsModels.swift */; };
		BD9C6A5628CF9DFF00012921 /* Categories.swift in Sources */ = {isa = PBXBuildFile; fileRef = BD9C6A5528CF9DFF00012921 /* Categories.swift */; };
		BD9C764428D7680B006431DA /* ImageScrollView.swift in Sources */ = {isa = PBXBuildFile; fileRef = BD9C764328D7680B006431DA /* ImageScrollView.swift */; };
		BDA160F728BD30B1003DF861 /* PhotoCVCell.swift in Sources */ = {isa = PBXBuildFile; fileRef = BDA160F528BD30B1003DF861 /* PhotoCVCell.swift */; };
		BDA160F828BD30B1003DF861 /* PhotoCVCell.xib in Resources */ = {isa = PBXBuildFile; fileRef = BDA160F628BD30B1003DF861 /* PhotoCVCell.xib */; };
		BDA160FB28BD4857003DF861 /* UIViewController.swift in Sources */ = {isa = PBXBuildFile; fileRef = BDA160FA28BD4857003DF861 /* UIViewController.swift */; };
		BDA3722728BD174F005EDD2B /* PhotoViewController.swift in Sources */ = {isa = PBXBuildFile; fileRef = BDA3722628BD174F005EDD2B /* PhotoViewController.swift */; };
		BDA4B9EB291C0D3200D8CFBA /* FavoritePlaceViewController.swift in Sources */ = {isa = PBXBuildFile; fileRef = BDA4B9E9291C0D3200D8CFBA /* FavoritePlaceViewController.swift */; };
		BDA4B9EC291C0D3200D8CFBA /* FavoritePlaceViewController.xib in Resources */ = {isa = PBXBuildFile; fileRef = BDA4B9EA291C0D3200D8CFBA /* FavoritePlaceViewController.xib */; };
		BDA90F6628D3A4C300A80112 /* PlaceMapPin.swift in Sources */ = {isa = PBXBuildFile; fileRef = BDA90F6528D3A4C300A80112 /* PlaceMapPin.swift */; };
		BDADAB9528CC9ECE007A59A4 /* CategoryViewController.swift in Sources */ = {isa = PBXBuildFile; fileRef = BDADAB9428CC9ECE007A59A4 /* CategoryViewController.swift */; };
		BDADAB9928CCA520007A59A4 /* MainViewController.swift in Sources */ = {isa = PBXBuildFile; fileRef = BDADAB9828CCA520007A59A4 /* MainViewController.swift */; };
		BDB00C9D291BD6B400D8778E /* MainTabBarController.swift in Sources */ = {isa = PBXBuildFile; fileRef = BDB00C9C291BD6B400D8778E /* MainTabBarController.swift */; };
		BDB461FE28BE5A2900D9FB4E /* UserTipsViewController.swift in Sources */ = {isa = PBXBuildFile; fileRef = BDB461FD28BE5A2900D9FB4E /* UserTipsViewController.swift */; };
		BDB4620228BE5A5600D9FB4E /* TipsTVCell.swift in Sources */ = {isa = PBXBuildFile; fileRef = BDB4620028BE5A5600D9FB4E /* TipsTVCell.swift */; };
		BDB4620328BE5A5600D9FB4E /* TipsTVCell.xib in Resources */ = {isa = PBXBuildFile; fileRef = BDB4620128BE5A5600D9FB4E /* TipsTVCell.xib */; };
		BDB4620528BE5F8000D9FB4E /* NetworkProvider.swift in Sources */ = {isa = PBXBuildFile; fileRef = BDB4620428BE5F8000D9FB4E /* NetworkProvider.swift */; };
		BDB4620828BE6D3B00D9FB4E /* DetailPhotoViewController.swift in Sources */ = {isa = PBXBuildFile; fileRef = BDB4620728BE6D3B00D9FB4E /* DetailPhotoViewController.swift */; };
		BDB75ADD291539E500E17AEE /* RealmFavoriteCity.swift in Sources */ = {isa = PBXBuildFile; fileRef = BDB75ADC291539E500E17AEE /* RealmFavoriteCity.swift */; };
		BDB75ADF29153BE700E17AEE /* RealmMapPlace.swift in Sources */ = {isa = PBXBuildFile; fileRef = BDB75ADE29153BE700E17AEE /* RealmMapPlace.swift */; };
		BDB75AF629154ABC00E17AEE /* Moya in Frameworks */ = {isa = PBXBuildFile; productRef = BDB75AF529154ABC00E17AEE /* Moya */; };
		BDB75AF929154AE100E17AEE /* SnapKit in Frameworks */ = {isa = PBXBuildFile; productRef = BDB75AF829154AE100E17AEE /* SnapKit */; };
		BDB75AFC29154B0E00E17AEE /* SDWebImage in Frameworks */ = {isa = PBXBuildFile; productRef = BDB75AFB29154B0E00E17AEE /* SDWebImage */; };
		BDB75AFF29154FD400E17AEE /* Realm in Frameworks */ = {isa = PBXBuildFile; productRef = BDB75AFE29154FD400E17AEE /* Realm */; };
		BDB75B0129154FD400E17AEE /* RealmSwift in Frameworks */ = {isa = PBXBuildFile; productRef = BDB75B0029154FD400E17AEE /* RealmSwift */; };
		BDB75B052915521F00E17AEE /* OpenWeatherMapService.swift in Sources */ = {isa = PBXBuildFile; fileRef = BDB75B042915521F00E17AEE /* OpenWeatherMapService.swift */; };
		BDB75B072915532000E17AEE /* OpenMapCity.swift in Sources */ = {isa = PBXBuildFile; fileRef = BDB75B062915532000E17AEE /* OpenMapCity.swift */; };
		BDB75B09291553C400E17AEE /* CitiesNames.json in Resources */ = {isa = PBXBuildFile; fileRef = BDB75B08291553C400E17AEE /* CitiesNames.json */; };
		BDB75B0C2915635900E17AEE /* FavoriteTBLCell.swift in Sources */ = {isa = PBXBuildFile; fileRef = BDB75B0A2915635900E17AEE /* FavoriteTBLCell.swift */; };
		BDB75B0D2915635900E17AEE /* FavoriteTBLCell.xib in Resources */ = {isa = PBXBuildFile; fileRef = BDB75B0B2915635900E17AEE /* FavoriteTBLCell.xib */; };
		BDB75B10291565EF00E17AEE /* CityErrorModel.swift in Sources */ = {isa = PBXBuildFile; fileRef = BDB75B0F291565EF00E17AEE /* CityErrorModel.swift */; };
		BDB7952D291EC743002FD93B /* globe.png in Resources */ = {isa = PBXBuildFile; fileRef = BDB7952C291EC743002FD93B /* globe.png */; };
		BDBA672B28BE1E8B00AC4878 /* UserLocationManager.swift in Sources */ = {isa = PBXBuildFile; fileRef = BDBA672A28BE1E8B00AC4878 /* UserLocationManager.swift */; };
		BDBD4DA9291813A4002D548D /* UITableView.swift in Sources */ = {isa = PBXBuildFile; fileRef = BDBD4DA8291813A4002D548D /* UITableView.swift */; };
		BDC10DCD28D5C5A4003881C1 /* PlacePinView.swift in Sources */ = {isa = PBXBuildFile; fileRef = BDC10DCC28D5C5A4003881C1 /* PlacePinView.swift */; };
		BDC9145128BCF27A002F6DAD /* SearchTBCell.swift in Sources */ = {isa = PBXBuildFile; fileRef = BDC9144F28BCF27A002F6DAD /* SearchTBCell.swift */; };
		BDC9145228BCF27A002F6DAD /* SearchTBCell.xib in Resources */ = {isa = PBXBuildFile; fileRef = BDC9145028BCF27A002F6DAD /* SearchTBCell.xib */; };
/* End PBXBuildFile section */

/* Begin PBXFileReference section */
		BD0D1BD328D1E01F00C512BD /* MapViewController.swift */ = {isa = PBXFileReference; lastKnownFileType = sourcecode.swift; path = MapViewController.swift; sourceTree = "<group>"; };
		BD0E65B628BA1BE600AD1AC8 /* FoursquarePlacesApiTestProject.app */ = {isa = PBXFileReference; explicitFileType = wrapper.application; includeInIndex = 0; path = FoursquarePlacesApiTestProject.app; sourceTree = BUILT_PRODUCTS_DIR; };
		BD0E65B928BA1BE600AD1AC8 /* AppDelegate.swift */ = {isa = PBXFileReference; lastKnownFileType = sourcecode.swift; path = AppDelegate.swift; sourceTree = "<group>"; };
		BD0E65BB28BA1BE600AD1AC8 /* SceneDelegate.swift */ = {isa = PBXFileReference; lastKnownFileType = sourcecode.swift; path = SceneDelegate.swift; sourceTree = "<group>"; };
		BD0E65BD28BA1BE600AD1AC8 /* CurrentPositionViewController.swift */ = {isa = PBXFileReference; lastKnownFileType = sourcecode.swift; path = CurrentPositionViewController.swift; sourceTree = "<group>"; };
		BD0E65C228BA1BE900AD1AC8 /* Assets.xcassets */ = {isa = PBXFileReference; lastKnownFileType = folder.assetcatalog; path = Assets.xcassets; sourceTree = "<group>"; };
		BD0E65C528BA1BE900AD1AC8 /* Base */ = {isa = PBXFileReference; lastKnownFileType = file.storyboard; name = Base; path = Base.lproj/LaunchScreen.storyboard; sourceTree = "<group>"; };
		BD0E65C728BA1BE900AD1AC8 /* Info.plist */ = {isa = PBXFileReference; lastKnownFileType = text.plist.xml; path = Info.plist; sourceTree = "<group>"; };
		BD0E65D428BA21B600AD1AC8 /* FoursquareService.swift */ = {isa = PBXFileReference; lastKnownFileType = sourcecode.swift; path = FoursquareService.swift; sourceTree = "<group>"; };
		BD0E65D628BA228B00AD1AC8 /* Place.json */ = {isa = PBXFileReference; lastKnownFileType = text.json; path = Place.json; sourceTree = "<group>"; };
		BD0E65D828BA22A200AD1AC8 /* Places.json */ = {isa = PBXFileReference; lastKnownFileType = text.json; path = Places.json; sourceTree = "<group>"; };
		BD0E65DA28BA22C500AD1AC8 /* Placesnearby.json */ = {isa = PBXFileReference; lastKnownFileType = text.json; path = Placesnearby.json; sourceTree = "<group>"; };
		BD0E65DC28BA22E000AD1AC8 /* Photos.json */ = {isa = PBXFileReference; lastKnownFileType = text.json; path = Photos.json; sourceTree = "<group>"; };
		BD0E65DE28BA230600AD1AC8 /* Error.json */ = {isa = PBXFileReference; lastKnownFileType = text.json; path = Error.json; sourceTree = "<group>"; };
		BD0E65E028BA232000AD1AC8 /* Tips.json */ = {isa = PBXFileReference; lastKnownFileType = text.json; path = Tips.json; sourceTree = "<group>"; };
		BD0E65E228BA23BC00AD1AC8 /* PhotoItem.swift */ = {isa = PBXFileReference; lastKnownFileType = sourcecode.swift; path = PhotoItem.swift; sourceTree = "<group>"; };
		BD0E65E428BA240B00AD1AC8 /* PlaceModels.swift */ = {isa = PBXFileReference; lastKnownFileType = sourcecode.swift; path = PlaceModels.swift; sourceTree = "<group>"; };
		BD0E65E628BA247200AD1AC8 /* ContextModels.swift */ = {isa = PBXFileReference; lastKnownFileType = sourcecode.swift; path = ContextModels.swift; sourceTree = "<group>"; };
		BD0E65E928BA250300AD1AC8 /* placesAndNearbyModels.swift */ = {isa = PBXFileReference; lastKnownFileType = sourcecode.swift; path = placesAndNearbyModels.swift; sourceTree = "<group>"; };
		BD6203A128BB77C400DE8905 /* TipsModels.swift */ = {isa = PBXFileReference; lastKnownFileType = sourcecode.swift; path = TipsModels.swift; sourceTree = "<group>"; };
		BD9C6A5528CF9DFF00012921 /* Categories.swift */ = {isa = PBXFileReference; lastKnownFileType = sourcecode.swift; path = Categories.swift; sourceTree = "<group>"; };
		BD9C764328D7680B006431DA /* ImageScrollView.swift */ = {isa = PBXFileReference; lastKnownFileType = sourcecode.swift; path = ImageScrollView.swift; sourceTree = "<group>"; };
		BDA160F528BD30B1003DF861 /* PhotoCVCell.swift */ = {isa = PBXFileReference; lastKnownFileType = sourcecode.swift; path = PhotoCVCell.swift; sourceTree = "<group>"; };
		BDA160F628BD30B1003DF861 /* PhotoCVCell.xib */ = {isa = PBXFileReference; lastKnownFileType = file.xib; path = PhotoCVCell.xib; sourceTree = "<group>"; };
		BDA160FA28BD4857003DF861 /* UIViewController.swift */ = {isa = PBXFileReference; lastKnownFileType = sourcecode.swift; path = UIViewController.swift; sourceTree = "<group>"; };
		BDA3722628BD174F005EDD2B /* PhotoViewController.swift */ = {isa = PBXFileReference; lastKnownFileType = sourcecode.swift; path = PhotoViewController.swift; sourceTree = "<group>"; };
		BDA4B9E9291C0D3200D8CFBA /* FavoritePlaceViewController.swift */ = {isa = PBXFileReference; lastKnownFileType = sourcecode.swift; path = FavoritePlaceViewController.swift; sourceTree = "<group>"; };
		BDA4B9EA291C0D3200D8CFBA /* FavoritePlaceViewController.xib */ = {isa = PBXFileReference; lastKnownFileType = file.xib; path = FavoritePlaceViewController.xib; sourceTree = "<group>"; };
		BDA90F6528D3A4C300A80112 /* PlaceMapPin.swift */ = {isa = PBXFileReference; lastKnownFileType = sourcecode.swift; path = PlaceMapPin.swift; sourceTree = "<group>"; };
		BDADAB9428CC9ECE007A59A4 /* CategoryViewController.swift */ = {isa = PBXFileReference; lastKnownFileType = sourcecode.swift; path = CategoryViewController.swift; sourceTree = "<group>"; };
		BDADAB9828CCA520007A59A4 /* MainViewController.swift */ = {isa = PBXFileReference; lastKnownFileType = sourcecode.swift; path = MainViewController.swift; sourceTree = "<group>"; };
		BDB00C9C291BD6B400D8778E /* MainTabBarController.swift */ = {isa = PBXFileReference; lastKnownFileType = sourcecode.swift; path = MainTabBarController.swift; sourceTree = "<group>"; };
		BDB461FD28BE5A2900D9FB4E /* UserTipsViewController.swift */ = {isa = PBXFileReference; lastKnownFileType = sourcecode.swift; path = UserTipsViewController.swift; sourceTree = "<group>"; };
		BDB4620028BE5A5600D9FB4E /* TipsTVCell.swift */ = {isa = PBXFileReference; lastKnownFileType = sourcecode.swift; path = TipsTVCell.swift; sourceTree = "<group>"; };
		BDB4620128BE5A5600D9FB4E /* TipsTVCell.xib */ = {isa = PBXFileReference; lastKnownFileType = file.xib; path = TipsTVCell.xib; sourceTree = "<group>"; };
		BDB4620428BE5F8000D9FB4E /* NetworkProvider.swift */ = {isa = PBXFileReference; lastKnownFileType = sourcecode.swift; path = NetworkProvider.swift; sourceTree = "<group>"; };
		BDB4620728BE6D3B00D9FB4E /* DetailPhotoViewController.swift */ = {isa = PBXFileReference; lastKnownFileType = sourcecode.swift; path = DetailPhotoViewController.swift; sourceTree = "<group>"; };
		BDB75ADC291539E500E17AEE /* RealmFavoriteCity.swift */ = {isa = PBXFileReference; lastKnownFileType = sourcecode.swift; path = RealmFavoriteCity.swift; sourceTree = "<group>"; };
		BDB75ADE29153BE700E17AEE /* RealmMapPlace.swift */ = {isa = PBXFileReference; lastKnownFileType = sourcecode.swift; path = RealmMapPlace.swift; sourceTree = "<group>"; };
		BDB75B042915521F00E17AEE /* OpenWeatherMapService.swift */ = {isa = PBXFileReference; lastKnownFileType = sourcecode.swift; path = OpenWeatherMapService.swift; sourceTree = "<group>"; };
		BDB75B062915532000E17AEE /* OpenMapCity.swift */ = {isa = PBXFileReference; lastKnownFileType = sourcecode.swift; path = OpenMapCity.swift; sourceTree = "<group>"; };
		BDB75B08291553C400E17AEE /* CitiesNames.json */ = {isa = PBXFileReference; lastKnownFileType = text.json; path = CitiesNames.json; sourceTree = "<group>"; };
		BDB75B0A2915635900E17AEE /* FavoriteTBLCell.swift */ = {isa = PBXFileReference; lastKnownFileType = sourcecode.swift; path = FavoriteTBLCell.swift; sourceTree = "<group>"; };
		BDB75B0B2915635900E17AEE /* FavoriteTBLCell.xib */ = {isa = PBXFileReference; lastKnownFileType = file.xib; path = FavoriteTBLCell.xib; sourceTree = "<group>"; };
		BDB75B0F291565EF00E17AEE /* CityErrorModel.swift */ = {isa = PBXFileReference; lastKnownFileType = sourcecode.swift; path = CityErrorModel.swift; sourceTree = "<group>"; };
		BDB7952C291EC743002FD93B /* globe.png */ = {isa = PBXFileReference; lastKnownFileType = image.png; path = globe.png; sourceTree = "<group>"; };
		BDBA672A28BE1E8B00AC4878 /* UserLocationManager.swift */ = {isa = PBXFileReference; lastKnownFileType = sourcecode.swift; path = UserLocationManager.swift; sourceTree = "<group>"; };
		BDBD4DA8291813A4002D548D /* UITableView.swift */ = {isa = PBXFileReference; lastKnownFileType = sourcecode.swift; path = UITableView.swift; sourceTree = "<group>"; };
		BDC10DCC28D5C5A4003881C1 /* PlacePinView.swift */ = {isa = PBXFileReference; lastKnownFileType = sourcecode.swift; path = PlacePinView.swift; sourceTree = "<group>"; };
		BDC9144F28BCF27A002F6DAD /* SearchTBCell.swift */ = {isa = PBXFileReference; lastKnownFileType = sourcecode.swift; path = SearchTBCell.swift; sourceTree = "<group>"; };
		BDC9145028BCF27A002F6DAD /* SearchTBCell.xib */ = {isa = PBXFileReference; lastKnownFileType = file.xib; path = SearchTBCell.xib; sourceTree = "<group>"; };
/* End PBXFileReference section */

/* Begin PBXFrameworksBuildPhase section */
		BD0E65B328BA1BE600AD1AC8 /* Frameworks */ = {
			isa = PBXFrameworksBuildPhase;
			buildActionMask = 2147483647;
			files = (
				BDB75AF929154AE100E17AEE /* SnapKit in Frameworks */,
				BDB75AF629154ABC00E17AEE /* Moya in Frameworks */,
				BDB75AFF29154FD400E17AEE /* Realm in Frameworks */,
				BDB75B0129154FD400E17AEE /* RealmSwift in Frameworks */,
				BDB75AFC29154B0E00E17AEE /* SDWebImage in Frameworks */,
			);
			runOnlyForDeploymentPostprocessing = 0;
		};
/* End PBXFrameworksBuildPhase section */

/* Begin PBXGroup section */
		5F35DE64443C6F2F2A33A23A /* Pods */ = {
			isa = PBXGroup;
			children = (
			);
			path = Pods;
			sourceTree = "<group>";
		};
		BD0D1BD228D1DFE800C512BD /* MapVC */ = {
			isa = PBXGroup;
			children = (
				BDD84E6428D740F300E20615 /* MapKitViews */,
				BD0D1BD328D1E01F00C512BD /* MapViewController.swift */,
			);
			path = MapVC;
			sourceTree = "<group>";
		};
		BD0E65AD28BA1BE600AD1AC8 = {
			isa = PBXGroup;
			children = (
				BD0E65B828BA1BE600AD1AC8 /* FoursquarePlacesApiTestProject */,
				BD0E65B728BA1BE600AD1AC8 /* Products */,
				5F35DE64443C6F2F2A33A23A /* Pods */,
				BDB75AFD29154FD400E17AEE /* Frameworks */,
			);
			sourceTree = "<group>";
		};
		BD0E65B728BA1BE600AD1AC8 /* Products */ = {
			isa = PBXGroup;
			children = (
				BD0E65B628BA1BE600AD1AC8 /* FoursquarePlacesApiTestProject.app */,
			);
			name = Products;
			sourceTree = "<group>";
		};
		BD0E65B828BA1BE600AD1AC8 /* FoursquarePlacesApiTestProject */ = {
			isa = PBXGroup;
			children = (
				BD0E65C728BA1BE900AD1AC8 /* Info.plist */,
				BDB7952C291EC743002FD93B /* globe.png */,
				BD0E65CE28BA1F3600AD1AC8 /* Application */,
				BDADEB3B2915AF0F00C06181 /* Protocols */,
				BDA160F928BD4836003DF861 /* Extensions */,
				BDBA672928BE1E6200AC4878 /* LocationManager */,
				BDB75ADB2915330500E17AEE /* PersistantDataManager */,
				BD0E65CD28BA1F2300AD1AC8 /* Screens */,
				BD0E65D028BA1F9B00AD1AC8 /* NetworkLayer */,
			);
			path = FoursquarePlacesApiTestProject;
			sourceTree = "<group>";
		};
		BD0E65CD28BA1F2300AD1AC8 /* Screens */ = {
			isa = PBXGroup;
			children = (
				BDB00C9B291BD67100D8778E /* MainTabBarVC */,
				BDADAB9628CCA4FD007A59A4 /* MainVC */,
				BDA6015A2914020900869330 /* FavoriteVC */,
				BDADAB9328CC9E92007A59A4 /* CategoryVC */,
				BDC9144D28BCF245002F6DAD /* QurrentPositionVC */,
				BD0D1BD228D1DFE800C512BD /* MapVC */,
				BDA3722528BD1723005EDD2B /* PhotosVC */,
				BDB4620628BE6CF000D9FB4E /* DetailphotoVC */,
				BDB461FC28BE5A0400D9FB4E /* UserTipsVC */,
			);
			path = Screens;
			sourceTree = "<group>";
		};
		BD0E65CE28BA1F3600AD1AC8 /* Application */ = {
			isa = PBXGroup;
			children = (
				BD0E65BB28BA1BE600AD1AC8 /* SceneDelegate.swift */,
				BD0E65B928BA1BE600AD1AC8 /* AppDelegate.swift */,
				BD0E65C228BA1BE900AD1AC8 /* Assets.xcassets */,
				BD0E65CF28BA1F5700AD1AC8 /* Storyboards */,
			);
			path = Application;
			sourceTree = "<group>";
		};
		BD0E65CF28BA1F5700AD1AC8 /* Storyboards */ = {
			isa = PBXGroup;
			children = (
				BD0E65C428BA1BE900AD1AC8 /* LaunchScreen.storyboard */,
			);
			path = Storyboards;
			sourceTree = "<group>";
		};
		BD0E65D028BA1F9B00AD1AC8 /* NetworkLayer */ = {
			isa = PBXGroup;
			children = (
				BDB4620428BE5F8000D9FB4E /* NetworkProvider.swift */,
				BDB75B03291551AB00E17AEE /* OpenWeathermap */,
				BDB75B022915516B00E17AEE /* Forsquare */,
			);
			path = NetworkLayer;
			sourceTree = "<group>";
		};
		BD0E65D128BA1FB000AD1AC8 /* Jsons */ = {
			isa = PBXGroup;
			children = (
				BD0E65D628BA228B00AD1AC8 /* Place.json */,
				BD0E65D828BA22A200AD1AC8 /* Places.json */,
				BD0E65DA28BA22C500AD1AC8 /* Placesnearby.json */,
				BD0E65DC28BA22E000AD1AC8 /* Photos.json */,
				BD0E65DE28BA230600AD1AC8 /* Error.json */,
				BD0E65E028BA232000AD1AC8 /* Tips.json */,
			);
			path = Jsons;
			sourceTree = "<group>";
		};
		BD0E65D228BA1FC600AD1AC8 /* Models */ = {
			isa = PBXGroup;
			children = (
				BD0E65E228BA23BC00AD1AC8 /* PhotoItem.swift */,
				BD0E65E428BA240B00AD1AC8 /* PlaceModels.swift */,
				BD0E65E628BA247200AD1AC8 /* ContextModels.swift */,
				BD0E65E928BA250300AD1AC8 /* placesAndNearbyModels.swift */,
				BD6203A128BB77C400DE8905 /* TipsModels.swift */,
			);
			path = Models;
			sourceTree = "<group>";
		};
		BDA160F928BD4836003DF861 /* Extensions */ = {
			isa = PBXGroup;
			children = (
				BDA160FA28BD4857003DF861 /* UIViewController.swift */,
				BDBD4DA8291813A4002D548D /* UITableView.swift */,
			);
			path = Extensions;
			sourceTree = "<group>";
		};
		BDA3722528BD1723005EDD2B /* PhotosVC */ = {
			isa = PBXGroup;
			children = (
				BDA3722828BD186D005EDD2B /* PhotoCvCell */,
				BDA3722628BD174F005EDD2B /* PhotoViewController.swift */,
			);
			path = PhotosVC;
			sourceTree = "<group>";
		};
		BDA3722828BD186D005EDD2B /* PhotoCvCell */ = {
			isa = PBXGroup;
			children = (
				BDA160F528BD30B1003DF861 /* PhotoCVCell.swift */,
				BDA160F628BD30B1003DF861 /* PhotoCVCell.xib */,
			);
			path = PhotoCvCell;
			sourceTree = "<group>";
		};
		BDA6015A2914020900869330 /* FavoriteVC */ = {
			isa = PBXGroup;
			children = (
				BDA4B9E9291C0D3200D8CFBA /* FavoritePlaceViewController.swift */,
				BDA4B9EA291C0D3200D8CFBA /* FavoritePlaceViewController.xib */,
				BDB75B0E2915652400E17AEE /* FavoriteTableviewCell */,
			);
			path = FavoriteVC;
			sourceTree = "<group>";
		};
		BDADAB9328CC9E92007A59A4 /* CategoryVC */ = {
			isa = PBXGroup;
			children = (
				BDADAB9428CC9ECE007A59A4 /* CategoryViewController.swift */,
				BD9C6A5528CF9DFF00012921 /* Categories.swift */,
			);
			path = CategoryVC;
			sourceTree = "<group>";
		};
		BDADAB9628CCA4FD007A59A4 /* MainVC */ = {
			isa = PBXGroup;
			children = (
				BDADAB9828CCA520007A59A4 /* MainViewController.swift */,
			);
			path = MainVC;
			sourceTree = "<group>";
		};
		BDADEB3B2915AF0F00C06181 /* Protocols */ = {
			isa = PBXGroup;
			children = (
			);
			path = Protocols;
			sourceTree = "<group>";
		};
		BDB00C9B291BD67100D8778E /* MainTabBarVC */ = {
			isa = PBXGroup;
			children = (
				BDB00C9C291BD6B400D8778E /* MainTabBarController.swift */,
			);
			path = MainTabBarVC;
			sourceTree = "<group>";
		};
		BDB461FC28BE5A0400D9FB4E /* UserTipsVC */ = {
			isa = PBXGroup;
			children = (
				BDB461FF28BE5A3000D9FB4E /* Cell */,
				BDB461FD28BE5A2900D9FB4E /* UserTipsViewController.swift */,
			);
			path = UserTipsVC;
			sourceTree = "<group>";
		};
		BDB461FF28BE5A3000D9FB4E /* Cell */ = {
			isa = PBXGroup;
			children = (
				BDB4620028BE5A5600D9FB4E /* TipsTVCell.swift */,
				BDB4620128BE5A5600D9FB4E /* TipsTVCell.xib */,
			);
			path = Cell;
			sourceTree = "<group>";
		};
		BDB4620628BE6CF000D9FB4E /* DetailphotoVC */ = {
			isa = PBXGroup;
			children = (
				BDB4620728BE6D3B00D9FB4E /* DetailPhotoViewController.swift */,
				BD9C764328D7680B006431DA /* ImageScrollView.swift */,
			);
			path = DetailphotoVC;
			sourceTree = "<group>";
		};
		BDB75ADB2915330500E17AEE /* PersistantDataManager */ = {
			isa = PBXGroup;
			children = (
				BDB75ADC291539E500E17AEE /* RealmFavoriteCity.swift */,
				BDB75ADE29153BE700E17AEE /* RealmMapPlace.swift */,
			);
			path = PersistantDataManager;
			sourceTree = "<group>";
		};
		BDB75AFD29154FD400E17AEE /* Frameworks */ = {
			isa = PBXGroup;
			children = (
			);
			name = Frameworks;
			sourceTree = "<group>";
		};
		BDB75B022915516B00E17AEE /* Forsquare */ = {
			isa = PBXGroup;
			children = (
				BD0E65D128BA1FB000AD1AC8 /* Jsons */,
				BD0E65D228BA1FC600AD1AC8 /* Models */,
				BD0E65D428BA21B600AD1AC8 /* FoursquareService.swift */,
			);
			path = Forsquare;
			sourceTree = "<group>";
		};
		BDB75B03291551AB00E17AEE /* OpenWeathermap */ = {
			isa = PBXGroup;
			children = (
				BDB75B042915521F00E17AEE /* OpenWeatherMapService.swift */,
				BDB75B11291565FC00E17AEE /* Models */,
			);
			path = OpenWeathermap;
			sourceTree = "<group>";
		};
		BDB75B0E2915652400E17AEE /* FavoriteTableviewCell */ = {
			isa = PBXGroup;
			children = (
				BDB75B0A2915635900E17AEE /* FavoriteTBLCell.swift */,
				BDB75B0B2915635900E17AEE /* FavoriteTBLCell.xib */,
			);
			path = FavoriteTableviewCell;
			sourceTree = "<group>";
		};
		BDB75B11291565FC00E17AEE /* Models */ = {
			isa = PBXGroup;
			children = (
				BDB75B08291553C400E17AEE /* CitiesNames.json */,
				BDB75B062915532000E17AEE /* OpenMapCity.swift */,
				BDB75B0F291565EF00E17AEE /* CityErrorModel.swift */,
			);
			path = Models;
			sourceTree = "<group>";
		};
		BDBA672928BE1E6200AC4878 /* LocationManager */ = {
			isa = PBXGroup;
			children = (
				BDBA672A28BE1E8B00AC4878 /* UserLocationManager.swift */,
			);
			path = LocationManager;
			sourceTree = "<group>";
		};
		BDC9144D28BCF245002F6DAD /* QurrentPositionVC */ = {
			isa = PBXGroup;
			children = (
				BD0E65BD28BA1BE600AD1AC8 /* CurrentPositionViewController.swift */,
				BDC9144E28BCF24F002F6DAD /* MainTBCell */,
			);
			path = QurrentPositionVC;
			sourceTree = "<group>";
		};
		BDC9144E28BCF24F002F6DAD /* MainTBCell */ = {
			isa = PBXGroup;
			children = (
				BDC9144F28BCF27A002F6DAD /* SearchTBCell.swift */,
				BDC9145028BCF27A002F6DAD /* SearchTBCell.xib */,
			);
			path = MainTBCell;
			sourceTree = "<group>";
		};
		BDD84E6428D740F300E20615 /* MapKitViews */ = {
			isa = PBXGroup;
			children = (
				BDA90F6528D3A4C300A80112 /* PlaceMapPin.swift */,
				BDC10DCC28D5C5A4003881C1 /* PlacePinView.swift */,
			);
			path = MapKitViews;
			sourceTree = "<group>";
		};
/* End PBXGroup section */

/* Begin PBXNativeTarget section */
		BD0E65B528BA1BE600AD1AC8 /* FoursquarePlacesApiTestProject */ = {
			isa = PBXNativeTarget;
			buildConfigurationList = BD0E65CA28BA1BE900AD1AC8 /* Build configuration list for PBXNativeTarget "FoursquarePlacesApiTestProject" */;
			buildPhases = (
				BD0E65B228BA1BE600AD1AC8 /* Sources */,
				BD0E65B328BA1BE600AD1AC8 /* Frameworks */,
				BD0E65B428BA1BE600AD1AC8 /* Resources */,
			);
			buildRules = (
			);
			dependencies = (
			);
			name = FoursquarePlacesApiTestProject;
			packageProductDependencies = (
				BDB75AF529154ABC00E17AEE /* Moya */,
				BDB75AF829154AE100E17AEE /* SnapKit */,
				BDB75AFB29154B0E00E17AEE /* SDWebImage */,
				BDB75AFE29154FD400E17AEE /* Realm */,
				BDB75B0029154FD400E17AEE /* RealmSwift */,
			);
			productName = FoursquarePlacesApiTestProject;
			productReference = BD0E65B628BA1BE600AD1AC8 /* FoursquarePlacesApiTestProject.app */;
			productType = "com.apple.product-type.application";
		};
/* End PBXNativeTarget section */

/* Begin PBXProject section */
		BD0E65AE28BA1BE600AD1AC8 /* Project object */ = {
			isa = PBXProject;
			attributes = {
				BuildIndependentTargetsInParallel = 1;
				LastSwiftUpdateCheck = 1330;
				LastUpgradeCheck = 1330;
				TargetAttributes = {
					BD0E65B528BA1BE600AD1AC8 = {
						CreatedOnToolsVersion = 13.3;
					};
				};
			};
			buildConfigurationList = BD0E65B128BA1BE600AD1AC8 /* Build configuration list for PBXProject "FoursquarePlacesApiTestProject" */;
			compatibilityVersion = "Xcode 13.0";
			developmentRegion = en;
			hasScannedForEncodings = 0;
			knownRegions = (
				en,
				Base,
			);
			mainGroup = BD0E65AD28BA1BE600AD1AC8;
			packageReferences = (
				BDB75AF1291549E400E17AEE /* XCRemoteSwiftPackageReference "realm-swift" */,
				BDB75AF429154ABB00E17AEE /* XCRemoteSwiftPackageReference "Moya" */,
				BDB75AF729154AE100E17AEE /* XCRemoteSwiftPackageReference "SnapKit" */,
				BDB75AFA29154B0E00E17AEE /* XCRemoteSwiftPackageReference "SDWebImage" */,
			);
			productRefGroup = BD0E65B728BA1BE600AD1AC8 /* Products */;
			projectDirPath = "";
			projectRoot = "";
			targets = (
				BD0E65B528BA1BE600AD1AC8 /* FoursquarePlacesApiTestProject */,
			);
		};
/* End PBXProject section */

/* Begin PBXResourcesBuildPhase section */
		BD0E65B428BA1BE600AD1AC8 /* Resources */ = {
			isa = PBXResourcesBuildPhase;
			buildActionMask = 2147483647;
			files = (
				BD0E65DD28BA22E000AD1AC8 /* Photos.json in Resources */,
				BD0E65C628BA1BE900AD1AC8 /* LaunchScreen.storyboard in Resources */,
				BDA160F828BD30B1003DF861 /* PhotoCVCell.xib in Resources */,
				BDA4B9EC291C0D3200D8CFBA /* FavoritePlaceViewController.xib in Resources */,
				BDB7952D291EC743002FD93B /* globe.png in Resources */,
				BD0E65C328BA1BE900AD1AC8 /* Assets.xcassets in Resources */,
				BD0E65D928BA22A200AD1AC8 /* Places.json in Resources */,
				BDB4620328BE5A5600D9FB4E /* TipsTVCell.xib in Resources */,
				BDC9145228BCF27A002F6DAD /* SearchTBCell.xib in Resources */,
				BD0E65DF28BA230600AD1AC8 /* Error.json in Resources */,
				BDB75B09291553C400E17AEE /* CitiesNames.json in Resources */,
				BD0E65E128BA232000AD1AC8 /* Tips.json in Resources */,
				BD0E65DB28BA22C500AD1AC8 /* Placesnearby.json in Resources */,
				BD0E65D728BA228B00AD1AC8 /* Place.json in Resources */,
				BDB75B0D2915635900E17AEE /* FavoriteTBLCell.xib in Resources */,
			);
			runOnlyForDeploymentPostprocessing = 0;
		};
/* End PBXResourcesBuildPhase section */

/* Begin PBXSourcesBuildPhase section */
		BD0E65B228BA1BE600AD1AC8 /* Sources */ = {
			isa = PBXSourcesBuildPhase;
			buildActionMask = 2147483647;
			files = (
				BDADAB9928CCA520007A59A4 /* MainViewController.swift in Sources */,
				BDB75B0C2915635900E17AEE /* FavoriteTBLCell.swift in Sources */,
				BDADAB9528CC9ECE007A59A4 /* CategoryViewController.swift in Sources */,
				BDB75B10291565EF00E17AEE /* CityErrorModel.swift in Sources */,
				BD0E65BE28BA1BE600AD1AC8 /* CurrentPositionViewController.swift in Sources */,
				BD0E65E528BA240B00AD1AC8 /* PlaceModels.swift in Sources */,
				BD0E65E328BA23BC00AD1AC8 /* PhotoItem.swift in Sources */,
				BDA160F728BD30B1003DF861 /* PhotoCVCell.swift in Sources */,
				BDB00C9D291BD6B400D8778E /* MainTabBarController.swift in Sources */,
				BDB4620528BE5F8000D9FB4E /* NetworkProvider.swift in Sources */,
				BD6203A228BB77C400DE8905 /* TipsModels.swift in Sources */,
				BDB4620828BE6D3B00D9FB4E /* DetailPhotoViewController.swift in Sources */,
				BDB4620228BE5A5600D9FB4E /* TipsTVCell.swift in Sources */,
				BD0E65D528BA21B600AD1AC8 /* FoursquareService.swift in Sources */,
				BD0D1BD428D1E01F00C512BD /* MapViewController.swift in Sources */,
				BDC10DCD28D5C5A4003881C1 /* PlacePinView.swift in Sources */,
				BD0E65BA28BA1BE600AD1AC8 /* AppDelegate.swift in Sources */,
				BD0E65BC28BA1BE600AD1AC8 /* SceneDelegate.swift in Sources */,
				BDA160FB28BD4857003DF861 /* UIViewController.swift in Sources */,
				BD0E65EA28BA250300AD1AC8 /* placesAndNearbyModels.swift in Sources */,
				BD9C764428D7680B006431DA /* ImageScrollView.swift in Sources */,
				BDB75ADD291539E500E17AEE /* RealmFavoriteCity.swift in Sources */,
				BDA4B9EB291C0D3200D8CFBA /* FavoritePlaceViewController.swift in Sources */,
				BDB75B072915532000E17AEE /* OpenMapCity.swift in Sources */,
				BDC9145128BCF27A002F6DAD /* SearchTBCell.swift in Sources */,
				BD0E65E728BA247200AD1AC8 /* ContextModels.swift in Sources */,
				BDBD4DA9291813A4002D548D /* UITableView.swift in Sources */,
				BDB461FE28BE5A2900D9FB4E /* UserTipsViewController.swift in Sources */,
				BDA3722728BD174F005EDD2B /* PhotoViewController.swift in Sources */,
				BDB75ADF29153BE700E17AEE /* RealmMapPlace.swift in Sources */,
				BDB75B052915521F00E17AEE /* OpenWeatherMapService.swift in Sources */,
				BDBA672B28BE1E8B00AC4878 /* UserLocationManager.swift in Sources */,
				BDA90F6628D3A4C300A80112 /* PlaceMapPin.swift in Sources */,
				BD9C6A5628CF9DFF00012921 /* Categories.swift in Sources */,
			);
			runOnlyForDeploymentPostprocessing = 0;
		};
/* End PBXSourcesBuildPhase section */

/* Begin PBXVariantGroup section */
		BD0E65C428BA1BE900AD1AC8 /* LaunchScreen.storyboard */ = {
			isa = PBXVariantGroup;
			children = (
				BD0E65C528BA1BE900AD1AC8 /* Base */,
			);
			name = LaunchScreen.storyboard;
			sourceTree = "<group>";
		};
/* End PBXVariantGroup section */

/* Begin XCBuildConfiguration section */
		BD0E65C828BA1BE900AD1AC8 /* Debug */ = {
			isa = XCBuildConfiguration;
			buildSettings = {
				ALWAYS_SEARCH_USER_PATHS = NO;
				CLANG_ANALYZER_NONNULL = YES;
				CLANG_ANALYZER_NUMBER_OBJECT_CONVERSION = YES_AGGRESSIVE;
				CLANG_CXX_LANGUAGE_STANDARD = "gnu++17";
				CLANG_ENABLE_MODULES = YES;
				CLANG_ENABLE_OBJC_ARC = YES;
				CLANG_ENABLE_OBJC_WEAK = YES;
				CLANG_WARN_BLOCK_CAPTURE_AUTORELEASING = YES;
				CLANG_WARN_BOOL_CONVERSION = YES;
				CLANG_WARN_COMMA = YES;
				CLANG_WARN_CONSTANT_CONVERSION = YES;
				CLANG_WARN_DEPRECATED_OBJC_IMPLEMENTATIONS = YES;
				CLANG_WARN_DIRECT_OBJC_ISA_USAGE = YES_ERROR;
				CLANG_WARN_DOCUMENTATION_COMMENTS = YES;
				CLANG_WARN_EMPTY_BODY = YES;
				CLANG_WARN_ENUM_CONVERSION = YES;
				CLANG_WARN_INFINITE_RECURSION = YES;
				CLANG_WARN_INT_CONVERSION = YES;
				CLANG_WARN_NON_LITERAL_NULL_CONVERSION = YES;
				CLANG_WARN_OBJC_IMPLICIT_RETAIN_SELF = YES;
				CLANG_WARN_OBJC_LITERAL_CONVERSION = YES;
				CLANG_WARN_OBJC_ROOT_CLASS = YES_ERROR;
				CLANG_WARN_QUOTED_INCLUDE_IN_FRAMEWORK_HEADER = YES;
				CLANG_WARN_RANGE_LOOP_ANALYSIS = YES;
				CLANG_WARN_STRICT_PROTOTYPES = YES;
				CLANG_WARN_SUSPICIOUS_MOVE = YES;
				CLANG_WARN_UNGUARDED_AVAILABILITY = YES_AGGRESSIVE;
				CLANG_WARN_UNREACHABLE_CODE = YES;
				CLANG_WARN__DUPLICATE_METHOD_MATCH = YES;
				COPY_PHASE_STRIP = NO;
				DEBUG_INFORMATION_FORMAT = dwarf;
				ENABLE_STRICT_OBJC_MSGSEND = YES;
				ENABLE_TESTABILITY = YES;
				GCC_C_LANGUAGE_STANDARD = gnu11;
				GCC_DYNAMIC_NO_PIC = NO;
				GCC_NO_COMMON_BLOCKS = YES;
				GCC_OPTIMIZATION_LEVEL = 0;
				GCC_PREPROCESSOR_DEFINITIONS = (
					"DEBUG=1",
					"$(inherited)",
				);
				GCC_WARN_64_TO_32_BIT_CONVERSION = YES;
				GCC_WARN_ABOUT_RETURN_TYPE = YES_ERROR;
				GCC_WARN_UNDECLARED_SELECTOR = YES;
				GCC_WARN_UNINITIALIZED_AUTOS = YES_AGGRESSIVE;
				GCC_WARN_UNUSED_FUNCTION = YES;
				GCC_WARN_UNUSED_VARIABLE = YES;
				IPHONEOS_DEPLOYMENT_TARGET = 15.4;
				MTL_ENABLE_DEBUG_INFO = INCLUDE_SOURCE;
				MTL_FAST_MATH = YES;
				ONLY_ACTIVE_ARCH = YES;
				SDKROOT = iphoneos;
				SWIFT_ACTIVE_COMPILATION_CONDITIONS = DEBUG;
				SWIFT_OPTIMIZATION_LEVEL = "-Onone";
			};
			name = Debug;
		};
		BD0E65C928BA1BE900AD1AC8 /* Release */ = {
			isa = XCBuildConfiguration;
			buildSettings = {
				ALWAYS_SEARCH_USER_PATHS = NO;
				CLANG_ANALYZER_NONNULL = YES;
				CLANG_ANALYZER_NUMBER_OBJECT_CONVERSION = YES_AGGRESSIVE;
				CLANG_CXX_LANGUAGE_STANDARD = "gnu++17";
				CLANG_ENABLE_MODULES = YES;
				CLANG_ENABLE_OBJC_ARC = YES;
				CLANG_ENABLE_OBJC_WEAK = YES;
				CLANG_WARN_BLOCK_CAPTURE_AUTORELEASING = YES;
				CLANG_WARN_BOOL_CONVERSION = YES;
				CLANG_WARN_COMMA = YES;
				CLANG_WARN_CONSTANT_CONVERSION = YES;
				CLANG_WARN_DEPRECATED_OBJC_IMPLEMENTATIONS = YES;
				CLANG_WARN_DIRECT_OBJC_ISA_USAGE = YES_ERROR;
				CLANG_WARN_DOCUMENTATION_COMMENTS = YES;
				CLANG_WARN_EMPTY_BODY = YES;
				CLANG_WARN_ENUM_CONVERSION = YES;
				CLANG_WARN_INFINITE_RECURSION = YES;
				CLANG_WARN_INT_CONVERSION = YES;
				CLANG_WARN_NON_LITERAL_NULL_CONVERSION = YES;
				CLANG_WARN_OBJC_IMPLICIT_RETAIN_SELF = YES;
				CLANG_WARN_OBJC_LITERAL_CONVERSION = YES;
				CLANG_WARN_OBJC_ROOT_CLASS = YES_ERROR;
				CLANG_WARN_QUOTED_INCLUDE_IN_FRAMEWORK_HEADER = YES;
				CLANG_WARN_RANGE_LOOP_ANALYSIS = YES;
				CLANG_WARN_STRICT_PROTOTYPES = YES;
				CLANG_WARN_SUSPICIOUS_MOVE = YES;
				CLANG_WARN_UNGUARDED_AVAILABILITY = YES_AGGRESSIVE;
				CLANG_WARN_UNREACHABLE_CODE = YES;
				CLANG_WARN__DUPLICATE_METHOD_MATCH = YES;
				COPY_PHASE_STRIP = NO;
				DEBUG_INFORMATION_FORMAT = "dwarf-with-dsym";
				ENABLE_NS_ASSERTIONS = NO;
				ENABLE_STRICT_OBJC_MSGSEND = YES;
				GCC_C_LANGUAGE_STANDARD = gnu11;
				GCC_NO_COMMON_BLOCKS = YES;
				GCC_WARN_64_TO_32_BIT_CONVERSION = YES;
				GCC_WARN_ABOUT_RETURN_TYPE = YES_ERROR;
				GCC_WARN_UNDECLARED_SELECTOR = YES;
				GCC_WARN_UNINITIALIZED_AUTOS = YES_AGGRESSIVE;
				GCC_WARN_UNUSED_FUNCTION = YES;
				GCC_WARN_UNUSED_VARIABLE = YES;
				IPHONEOS_DEPLOYMENT_TARGET = 15.4;
				MTL_ENABLE_DEBUG_INFO = NO;
				MTL_FAST_MATH = YES;
				SDKROOT = iphoneos;
				SWIFT_COMPILATION_MODE = wholemodule;
				SWIFT_OPTIMIZATION_LEVEL = "-O";
				VALIDATE_PRODUCT = YES;
			};
			name = Release;
		};
		BD0E65CB28BA1BE900AD1AC8 /* Debug */ = {
			isa = XCBuildConfiguration;
			buildSettings = {
				ASSETCATALOG_COMPILER_APPICON_NAME = AppIcon;
				ASSETCATALOG_COMPILER_GLOBAL_ACCENT_COLOR_NAME = AccentColor;
				CODE_SIGN_STYLE = Automatic;
				CURRENT_PROJECT_VERSION = 1;
				DEVELOPMENT_TEAM = YPXDVQFQ53;
				GENERATE_INFOPLIST_FILE = YES;
				INFOPLIST_FILE = FoursquarePlacesApiTestProject/Info.plist;
				INFOPLIST_KEY_UIApplicationSupportsIndirectInputEvents = YES;
				INFOPLIST_KEY_UILaunchStoryboardName = LaunchScreen;
				INFOPLIST_KEY_UIMainStoryboardFile = "";
				INFOPLIST_KEY_UISupportedInterfaceOrientations_iPad = "UIInterfaceOrientationPortrait UIInterfaceOrientationPortraitUpsideDown UIInterfaceOrientationLandscapeLeft UIInterfaceOrientationLandscapeRight";
				INFOPLIST_KEY_UISupportedInterfaceOrientations_iPhone = "UIInterfaceOrientationPortrait UIInterfaceOrientationLandscapeLeft UIInterfaceOrientationLandscapeRight";
				IPHONEOS_DEPLOYMENT_TARGET = 14.0;
				LD_RUNPATH_SEARCH_PATHS = (
					"$(inherited)",
					"@executable_path/Frameworks",
				);
				MARKETING_VERSION = 1.0;
				PRODUCT_BUNDLE_IDENTIFIER = fedii.ihor.FoursquarePlacesApiTestProject;
				PRODUCT_NAME = "$(TARGET_NAME)";
				SWIFT_EMIT_LOC_STRINGS = YES;
				SWIFT_VERSION = 5.0;
				TARGETED_DEVICE_FAMILY = 1;
			};
			name = Debug;
		};
		BD0E65CC28BA1BE900AD1AC8 /* Release */ = {
			isa = XCBuildConfiguration;
			buildSettings = {
				ASSETCATALOG_COMPILER_APPICON_NAME = AppIcon;
				ASSETCATALOG_COMPILER_GLOBAL_ACCENT_COLOR_NAME = AccentColor;
				CODE_SIGN_STYLE = Automatic;
				CURRENT_PROJECT_VERSION = 1;
				DEVELOPMENT_TEAM = YPXDVQFQ53;
				GENERATE_INFOPLIST_FILE = YES;
				INFOPLIST_FILE = FoursquarePlacesApiTestProject/Info.plist;
				INFOPLIST_KEY_UIApplicationSupportsIndirectInputEvents = YES;
				INFOPLIST_KEY_UILaunchStoryboardName = LaunchScreen;
				INFOPLIST_KEY_UIMainStoryboardFile = "";
				INFOPLIST_KEY_UISupportedInterfaceOrientations_iPad = "UIInterfaceOrientationPortrait UIInterfaceOrientationPortraitUpsideDown UIInterfaceOrientationLandscapeLeft UIInterfaceOrientationLandscapeRight";
				INFOPLIST_KEY_UISupportedInterfaceOrientations_iPhone = "UIInterfaceOrientationPortrait UIInterfaceOrientationLandscapeLeft UIInterfaceOrientationLandscapeRight";
				IPHONEOS_DEPLOYMENT_TARGET = 14.0;
				LD_RUNPATH_SEARCH_PATHS = (
					"$(inherited)",
					"@executable_path/Frameworks",
				);
				MARKETING_VERSION = 1.0;
				PRODUCT_BUNDLE_IDENTIFIER = fedii.ihor.FoursquarePlacesApiTestProject;
				PRODUCT_NAME = "$(TARGET_NAME)";
				SWIFT_EMIT_LOC_STRINGS = YES;
				SWIFT_VERSION = 5.0;
				TARGETED_DEVICE_FAMILY = 1;
			};
			name = Release;
		};
/* End XCBuildConfiguration section */

/* Begin XCConfigurationList section */
		BD0E65B128BA1BE600AD1AC8 /* Build configuration list for PBXProject "FoursquarePlacesApiTestProject" */ = {
			isa = XCConfigurationList;
			buildConfigurations = (
				BD0E65C828BA1BE900AD1AC8 /* Debug */,
				BD0E65C928BA1BE900AD1AC8 /* Release */,
			);
			defaultConfigurationIsVisible = 0;
			defaultConfigurationName = Debug;
		};
		BD0E65CA28BA1BE900AD1AC8 /* Build configuration list for PBXNativeTarget "FoursquarePlacesApiTestProject" */ = {
			isa = XCConfigurationList;
			buildConfigurations = (
				BD0E65CB28BA1BE900AD1AC8 /* Debug */,
				BD0E65CC28BA1BE900AD1AC8 /* Release */,
			);
			defaultConfigurationIsVisible = 0;
			defaultConfigurationName = Debug;
		};
/* End XCConfigurationList section */

/* Begin XCRemoteSwiftPackageReference section */
		BDB75AF1291549E400E17AEE /* XCRemoteSwiftPackageReference "realm-swift" */ = {
			isa = XCRemoteSwiftPackageReference;
			repositoryURL = "https://github.com/realm/realm-swift";
			requirement = {
				branch = master;
				kind = branch;
			};
		};
		BDB75AF429154ABB00E17AEE /* XCRemoteSwiftPackageReference "Moya" */ = {
			isa = XCRemoteSwiftPackageReference;
			repositoryURL = "https://github.com/Moya/Moya.git";
			requirement = {
				branch = master;
				kind = branch;
			};
		};
		BDB75AF729154AE100E17AEE /* XCRemoteSwiftPackageReference "SnapKit" */ = {
			isa = XCRemoteSwiftPackageReference;
			repositoryURL = "https://github.com/SnapKit/SnapKit.git";
			requirement = {
				branch = develop;
				kind = branch;
			};
		};
		BDB75AFA29154B0E00E17AEE /* XCRemoteSwiftPackageReference "SDWebImage" */ = {
			isa = XCRemoteSwiftPackageReference;
			repositoryURL = "https://github.com/SDWebImage/SDWebImage.git";
			requirement = {
				branch = master;
				kind = branch;
			};
		};
/* End XCRemoteSwiftPackageReference section */

/* Begin XCSwiftPackageProductDependency section */
		BDB75AF529154ABC00E17AEE /* Moya */ = {
			isa = XCSwiftPackageProductDependency;
			package = BDB75AF429154ABB00E17AEE /* XCRemoteSwiftPackageReference "Moya" */;
			productName = Moya;
		};
		BDB75AF829154AE100E17AEE /* SnapKit */ = {
			isa = XCSwiftPackageProductDependency;
			package = BDB75AF729154AE100E17AEE /* XCRemoteSwiftPackageReference "SnapKit" */;
			productName = SnapKit;
		};
		BDB75AFB29154B0E00E17AEE /* SDWebImage */ = {
			isa = XCSwiftPackageProductDependency;
			package = BDB75AFA29154B0E00E17AEE /* XCRemoteSwiftPackageReference "SDWebImage" */;
			productName = SDWebImage;
		};
		BDB75AFE29154FD400E17AEE /* Realm */ = {
			isa = XCSwiftPackageProductDependency;
			package = BDB75AF1291549E400E17AEE /* XCRemoteSwiftPackageReference "realm-swift" */;
			productName = Realm;
		};
		BDB75B0029154FD400E17AEE /* RealmSwift */ = {
			isa = XCSwiftPackageProductDependency;
			package = BDB75AF1291549E400E17AEE /* XCRemoteSwiftPackageReference "realm-swift" */;
			productName = RealmSwift;
		};
/* End XCSwiftPackageProductDependency section */
	};
	rootObject = BD0E65AE28BA1BE600AD1AC8 /* Project object */;
}
